
Microsoft Visual Studio Solution File, Format Version 12.00
# Visual Studio Express 2013 for Web
VisualStudioVersion = 12.0.21005.1
MinimumVisualStudioVersion = 10.0.40219.1
Project("{FAE04EC0-301F-11D3-BF4B-00C04F79EFBC}") = "WebApplication1", "WebApplication1\WebApplication1.csproj", "{1A3EE5F7-933B-4BA3-A6B9-09429F198756}"
EndProject
Project("{FAE04EC0-301F-11D3-BF4B-00C04F79EFBC}") = "WebApplication1.Tests", "WebApplication1.Tests\WebApplication1.Tests.csproj", "{648543EF-2314-46C2-8985-FAC9E2359DBE}"
EndProject
Global
	GlobalSection(SolutionConfigurationPlatforms) = preSolution
		Debug|Any CPU = Debug|Any CPU
		Release|Any CPU = Release|Any CPU
	EndGlobalSection
	GlobalSection(ProjectConfigurationPlatforms) = postSolution
		{1A3EE5F7-933B-4BA3-A6B9-09429F198756}.Debug|Any CPU.ActiveCfg = Debug|Any CPU
		{1A3EE5F7-933B-4BA3-A6B9-09429F198756}.Debug|Any CPU.Build.0 = Debug|Any CPU
		{1A3EE5F7-933B-4BA3-A6B9-09429F198756}.Release|Any CPU.ActiveCfg = Release|Any CPU
		{1A3EE5F7-933B-4BA3-A6B9-09429F198756}.Release|Any CPU.Build.0 = Release|Any CPU
		{648543EF-2314-46C2-8985-FAC9E2359DBE}.Debug|Any CPU.ActiveCfg = Debug|Any CPU
		{648543EF-2314-46C2-8985-FAC9E2359DBE}.Debug|Any CPU.Build.0 = Debug|Any CPU
		{648543EF-2314-46C2-8985-FAC9E2359DBE}.Release|Any CPU.ActiveCfg = Release|Any CPU
		{648543EF-2314-46C2-8985-FAC9E2359DBE}.Release|Any CPU.Build.0 = Release|Any CPU
	EndGlobalSection
	GlobalSection(SolutionProperties) = preSolution
		HideSolutionNode = FALSE
	EndGlobalSection
EndGlobal
